
Microsoft Visual Studio Solution File, Format Version 11.00
# Visual Basic Express 2010
Project("{F184B08F-C81C-45F6-A57F-5ABD9991F28F}") = "Tic-Tac-Toe", "Tic-Tac-Toe\Tic-Tac-Toe.vbproj", "{9B3693C4-91CE-4647-A773-C3E028B2B93D}"
EndProject
Global
	GlobalSection(SolutionConfigurationPlatforms) = preSolution
		Debug|x86 = Debug|x86
		Release|x86 = Release|x86
	EndGlobalSection
	GlobalSection(ProjectConfigurationPlatforms) = postSolution
		{9B3693C4-91CE-4647-A773-C3E028B2B93D}.Debug|x86.ActiveCfg = Debug|x86
		{9B3693C4-91CE-4647-A773-C3E028B2B93D}.Debug|x86.Build.0 = Debug|x86
		{9B3693C4-91CE-4647-A773-C3E028B2B93D}.Release|x86.ActiveCfg = Release|x86
		{9B3693C4-91CE-4647-A773-C3E028B2B93D}.Release|x86.Build.0 = Release|x86
	EndGlobalSection
	GlobalSection(SolutionProperties) = preSolution
		HideSolutionNode = FALSE
	EndGlobalSection
EndGlobal
